
Microsoft Visual Studio Solution File, Format Version 12.00
# Visual Studio Version 17
VisualStudioVersion = 17.0.31903.59
MinimumVisualStudioVersion = 10.0.40219.1
Project("{2150E333-8FDC-42A3-9474-1A3956D46DE8}") = "src", "src", "{827E0CD3-B72D-47B6-A68D-7590B98EB39B}"
EndProject
Project("{FAE04EC0-301F-11D3-BF4B-00C04F79EFBC}") = "TflAnalytics.Api", "src\TflAnalytics.Api\TflAnalytics.Api.csproj", "{B5B2BDE9-FBEC-4B09-A14B-D691C85E81C2}"
EndProject
Project("{FAE04EC0-301F-11D3-BF4B-00C04F79EFBC}") = "TflAnalytics.Application", "src\TflAnalytics.Application\TflAnalytics.Application.csproj", "{5A4BE48C-78ED-457C-AACD-9852C75C6709}"
EndProject
Project("{FAE04EC0-301F-11D3-BF4B-00C04F79EFBC}") = "TflAnalytics.Contracts", "src\TflAnalytics.Contracts\TflAnalytics.Contracts.csproj", "{0F373B7B-385C-4C09-9C73-C8499B529FC7}"
EndProject
Project("{FAE04EC0-301F-11D3-BF4B-00C04F79EFBC}") = "TflAnalytics.Infrastructure", "src\TflAnalytics.Infrastructure\TflAnalytics.Infrastructure.csproj", "{DAA996A7-8213-4D27-85EC-6E1FAD9E387C}"
EndProject
Project("{FAE04EC0-301F-11D3-BF4B-00C04F79EFBC}") = "TflAnalytics.Ingestion.Functions", "src\TflAnalytics.Ingestion.Functions\TflAnalytics.Ingestion.Functions.csproj", "{6750F9A4-DBB3-44C2-9679-8B81F9D0772C}"
EndProject
Project("{FAE04EC0-301F-11D3-BF4B-00C04F79EFBC}") = "TflAnalytics.Processing.Functions", "src\TflAnalytics.Processing.Functions\TflAnalytics.Processing.Functions.csproj", "{603A6C7E-E2C5-4022-B31D-C5DF8767ACC2}"
EndProject
Project("{2150E333-8FDC-42A3-9474-1A3956D46DE8}") = "tests", "tests", "{0AB3BF05-4346-4AA6-1389-037BE0695223}"
EndProject
Project("{FAE04EC0-301F-11D3-BF4B-00C04F79EFBC}") = "TflAnalytics.UnitTests", "tests\TflAnalytics.UnitTests\TflAnalytics.UnitTests.csproj", "{3BADA4E0-76F5-4D6C-BBC8-7E4DBD6695CD}"
EndProject
Project("{FAE04EC0-301F-11D3-BF4B-00C04F79EFBC}") = "TflAnalytics.IntegrationTests", "tests\TflAnalytics.IntegrationTests\TflAnalytics.IntegrationTests.csproj", "{254B36EC-1D2D-4E13-890C-9101BB5BB0A3}"
EndProject
Project("{FAE04EC0-301F-11D3-BF4B-00C04F79EFBC}") = "TflAnalytics.AzureSmokeTests", "tests\TflAnalytics.AzureSmokeTests\TflAnalytics.AzureSmokeTests.csproj", "{185F9F14-0D60-472E-94E8-13F9F3F80A84}"
EndProject
Global
	GlobalSection(SolutionConfigurationPlatforms) = preSolution
		Debug|Any CPU = Debug|Any CPU
		Debug|x64 = Debug|x64
		Debug|x86 = Debug|x86
		Release|Any CPU = Release|Any CPU
		Release|x64 = Release|x64
		Release|x86 = Release|x86
	EndGlobalSection
	GlobalSection(ProjectConfigurationPlatforms) = postSolution
		{B5B2BDE9-FBEC-4B09-A14B-D691C85E81C2}.Debug|Any CPU.ActiveCfg = Debug|Any CPU
		{B5B2BDE9-FBEC-4B09-A14B-D691C85E81C2}.Debug|Any CPU.Build.0 = Debug|Any CPU
		{B5B2BDE9-FBEC-4B09-A14B-D691C85E81C2}.Debug|x64.ActiveCfg = Debug|Any CPU
		{B5B2BDE9-FBEC-4B09-A14B-D691C85E81C2}.Debug|x64.Build.0 = Debug|Any CPU
		{B5B2BDE9-FBEC-4B09-A14B-D691C85E81C2}.Debug|x86.ActiveCfg = Debug|Any CPU
		{B5B2BDE9-FBEC-4B09-A14B-D691C85E81C2}.Debug|x86.Build.0 = Debug|Any CPU
		{B5B2BDE9-FBEC-4B09-A14B-D691C85E81C2}.Release|Any CPU.ActiveCfg = Release|Any CPU
		{B5B2BDE9-FBEC-4B09-A14B-D691C85E81C2}.Release|Any CPU.Build.0 = Release|Any CPU
		{B5B2BDE9-FBEC-4B09-A14B-D691C85E81C2}.Release|x64.ActiveCfg = Release|Any CPU
		{B5B2BDE9-FBEC-4B09-A14B-D691C85E81C2}.Release|x64.Build.0 = Release|Any CPU
		{B5B2BDE9-FBEC-4B09-A14B-D691C85E81C2}.Release|x86.ActiveCfg = Release|Any CPU
		{B5B2BDE9-FBEC-4B09-A14B-D691C85E81C2}.Release|x86.Build.0 = Release|Any CPU
		{5A4BE48C-78ED-457C-AACD-9852C75C6709}.Debug|Any CPU.ActiveCfg = Debug|Any CPU
		{5A4BE48C-78ED-457C-AACD-9852C75C6709}.Debug|Any CPU.Build.0 = Debug|Any CPU
		{5A4BE48C-78ED-457C-AACD-9852C75C6709}.Debug|x64.ActiveCfg = Debug|Any CPU
		{5A4BE48C-78ED-457C-AACD-9852C75C6709}.Debug|x64.Build.0 = Debug|Any CPU
		{5A4BE48C-78ED-457C-AACD-9852C75C6709}.Debug|x86.ActiveCfg = Debug|Any CPU
		{5A4BE48C-78ED-457C-AACD-9852C75C6709}.Debug|x86.Build.0 = Debug|Any CPU
		{5A4BE48C-78ED-457C-AACD-9852C75C6709}.Release|Any CPU.ActiveCfg = Release|Any CPU
		{5A4BE48C-78ED-457C-AACD-9852C75C6709}.Release|Any CPU.Build.0 = Release|Any CPU
		{5A4BE48C-78ED-457C-AACD-9852C75C6709}.Release|x64.ActiveCfg = Release|Any CPU
		{5A4BE48C-78ED-457C-AACD-9852C75C6709}.Release|x64.Build.0 = Release|Any CPU
		{5A4BE48C-78ED-457C-AACD-9852C75C6709}.Release|x86.ActiveCfg = Release|Any CPU
		{5A4BE48C-78ED-457C-AACD-9852C75C6709}.Release|x86.Build.0 = Release|Any CPU
		{0F373B7B-385C-4C09-9C73-C8499B529FC7}.Debug|Any CPU.ActiveCfg = Debug|Any CPU
		{0F373B7B-385C-4C09-9C73-C8499B529FC7}.Debug|Any CPU.Build.0 = Debug|Any CPU
		{0F373B7B-385C-4C09-9C73-C8499B529FC7}.Debug|x64.ActiveCfg = Debug|Any CPU
		{0F373B7B-385C-4C09-9C73-C8499B529FC7}.Debug|x64.Build.0 = Debug|Any CPU
		{0F373B7B-385C-4C09-9C73-C8499B529FC7}.Debug|x86.ActiveCfg = Debug|Any CPU
		{0F373B7B-385C-4C09-9C73-C8499B529FC7}.Debug|x86.Build.0 = Debug|Any CPU
		{0F373B7B-385C-4C09-9C73-C8499B529FC7}.Release|Any CPU.ActiveCfg = Release|Any CPU
		{0F373B7B-385C-4C09-9C73-C8499B529FC7}.Release|Any CPU.Build.0 = Release|Any CPU
		{0F373B7B-385C-4C09-9C73-C8499B529FC7}.Release|x64.ActiveCfg = Release|Any CPU
		{0F373B7B-385C-4C09-9C73-C8499B529FC7}.Release|x64.Build.0 = Release|Any CPU
		{0F373B7B-385C-4C09-9C73-C8499B529FC7}.Release|x86.ActiveCfg = Release|Any CPU
		{0F373B7B-385C-4C09-9C73-C8499B529FC7}.Release|x86.Build.0 = Release|Any CPU
		{DAA996A7-8213-4D27-85EC-6E1FAD9E387C}.Debug|Any CPU.ActiveCfg = Debug|Any CPU
		{DAA996A7-8213-4D27-85EC-6E1FAD9E387C}.Debug|Any CPU.Build.0 = Debug|Any CPU
		{DAA996A7-8213-4D27-85EC-6E1FAD9E387C}.Debug|x64.ActiveCfg = Debug|Any CPU
		{DAA996A7-8213-4D27-85EC-6E1FAD9E387C}.Debug|x64.Build.0 = Debug|Any CPU
		{DAA996A7-8213-4D27-85EC-6E1FAD9E387C}.Debug|x86.ActiveCfg = Debug|Any CPU
		{DAA996A7-8213-4D27-85EC-6E1FAD9E387C}.Debug|x86.Build.0 = Debug|Any CPU
		{DAA996A7-8213-4D27-85EC-6E1FAD9E387C}.Release|Any CPU.ActiveCfg = Release|Any CPU
		{DAA996A7-8213-4D27-85EC-6E1FAD9E387C}.Release|Any CPU.Build.0 = Release|Any CPU
		{DAA996A7-8213-4D27-85EC-6E1FAD9E387C}.Release|x64.ActiveCfg = Release|Any CPU
		{DAA996A7-8213-4D27-85EC-6E1FAD9E387C}.Release|x64.Build.0 = Release|Any CPU
		{DAA996A7-8213-4D27-85EC-6E1FAD9E387C}.Release|x86.ActiveCfg = Release|Any CPU
		{DAA996A7-8213-4D27-85EC-6E1FAD9E387C}.Release|x86.Build.0 = Release|Any CPU
		{6750F9A4-DBB3-44C2-9679-8B81F9D0772C}.Debug|Any CPU.ActiveCfg = Debug|Any CPU
		{6750F9A4-DBB3-44C2-9679-8B81F9D0772C}.Debug|Any CPU.Build.0 = Debug|Any CPU
		{6750F9A4-DBB3-44C2-9679-8B81F9D0772C}.Debug|x64.ActiveCfg = Debug|Any CPU
		{6750F9A4-DBB3-44C2-9679-8B81F9D0772C}.Debug|x64.Build.0 = Debug|Any CPU
		{6750F9A4-DBB3-44C2-9679-8B81F9D0772C}.Debug|x86.ActiveCfg = Debug|Any CPU
		{6750F9A4-DBB3-44C2-9679-8B81F9D0772C}.Debug|x86.Build.0 = Debug|Any CPU
		{6750F9A4-DBB3-44C2-9679-8B81F9D0772C}.Release|Any CPU.ActiveCfg = Release|Any CPU
		{6750F9A4-DBB3-44C2-9679-8B81F9D0772C}.Release|Any CPU.Build.0 = Release|Any CPU
		{6750F9A4-DBB3-44C2-9679-8B81F9D0772C}.Release|x64.ActiveCfg = Release|Any CPU
		{6750F9A4-DBB3-44C2-9679-8B81F9D0772C}.Release|x64.Build.0 = Release|Any CPU
		{6750F9A4-DBB3-44C2-9679-8B81F9D0772C}.Release|x86.ActiveCfg = Release|Any CPU
		{6750F9A4-DBB3-44C2-9679-8B81F9D0772C}.Release|x86.Build.0 = Release|Any CPU
		{603A6C7E-E2C5-4022-B31D-C5DF8767ACC2}.Debug|Any CPU.ActiveCfg = Debug|Any CPU
		{603A6C7E-E2C5-4022-B31D-C5DF8767ACC2}.Debug|Any CPU.Build.0 = Debug|Any CPU
		{603A6C7E-E2C5-4022-B31D-C5DF8767ACC2}.Debug|x64.ActiveCfg = Debug|Any CPU
		{603A6C7E-E2C5-4022-B31D-C5DF8767ACC2}.Debug|x64.Build.0 = Debug|Any CPU
		{603A6C7E-E2C5-4022-B31D-C5DF8767ACC2}.Debug|x86.ActiveCfg = Debug|Any CPU
		{603A6C7E-E2C5-4022-B31D-C5DF8767ACC2}.Debug|x86.Build.0 = Debug|Any CPU
		{603A6C7E-E2C5-4022-B31D-C5DF8767ACC2}.Release|Any CPU.ActiveCfg = Release|Any CPU
		{603A6C7E-E2C5-4022-B31D-C5DF8767ACC2}.Release|Any CPU.Build.0 = Release|Any CPU
		{603A6C7E-E2C5-4022-B31D-C5DF8767ACC2}.Release|x64.ActiveCfg = Release|Any CPU
		{603A6C7E-E2C5-4022-B31D-C5DF8767ACC2}.Release|x64.Build.0 = Release|Any CPU
		{603A6C7E-E2C5-4022-B31D-C5DF8767ACC2}.Release|x86.ActiveCfg = Release|Any CPU
		{603A6C7E-E2C5-4022-B31D-C5DF8767ACC2}.Release|x86.Build.0 = Release|Any CPU
		{3BADA4E0-76F5-4D6C-BBC8-7E4DBD6695CD}.Debug|Any CPU.ActiveCfg = Debug|Any CPU
		{3BADA4E0-76F5-4D6C-BBC8-7E4DBD6695CD}.Debug|Any CPU.Build.0 = Debug|Any CPU
		{3BADA4E0-76F5-4D6C-BBC8-7E4DBD6695CD}.Debug|x64.ActiveCfg = Debug|Any CPU
		{3BADA4E0-76F5-4D6C-BBC8-7E4DBD6695CD}.Debug|x64.Build.0 = Debug|Any CPU
		{3BADA4E0-76F5-4D6C-BBC8-7E4DBD6695CD}.Debug|x86.ActiveCfg = Debug|Any CPU
		{3BADA4E0-76F5-4D6C-BBC8-7E4DBD6695CD}.Debug|x86.Build.0 = Debug|Any CPU
		{3BADA4E0-76F5-4D6C-BBC8-7E4DBD6695CD}.Release|Any CPU.ActiveCfg = Release|Any CPU
		{3BADA4E0-76F5-4D6C-BBC8-7E4DBD6695CD}.Release|Any CPU.Build.0 = Release|Any CPU
		{3BADA4E0-76F5-4D6C-BBC8-7E4DBD6695CD}.Release|x64.ActiveCfg = Release|Any CPU
		{3BADA4E0-76F5-4D6C-BBC8-7E4DBD6695CD}.Release|x64.Build.0 = Release|Any CPU
		{3BADA4E0-76F5-4D6C-BBC8-7E4DBD6695CD}.Release|x86.ActiveCfg = Release|Any CPU
		{3BADA4E0-76F5-4D6C-BBC8-7E4DBD6695CD}.Release|x86.Build.0 = Release|Any CPU
		{254B36EC-1D2D-4E13-890C-9101BB5BB0A3}.Debug|Any CPU.ActiveCfg = Debug|Any CPU
		{254B36EC-1D2D-4E13-890C-9101BB5BB0A3}.Debug|Any CPU.Build.0 = Debug|Any CPU
		{254B36EC-1D2D-4E13-890C-9101BB5BB0A3}.Debug|x64.ActiveCfg = Debug|Any CPU
		{254B36EC-1D2D-4E13-890C-9101BB5BB0A3}.Debug|x64.Build.0 = Debug|Any CPU
		{254B36EC-1D2D-4E13-890C-9101BB5BB0A3}.Debug|x86.ActiveCfg = Debug|Any CPU
		{254B36EC-1D2D-4E13-890C-9101BB5BB0A3}.Debug|x86.Build.0 = Debug|Any CPU
		{254B36EC-1D2D-4E13-890C-9101BB5BB0A3}.Release|Any CPU.ActiveCfg = Release|Any CPU
		{254B36EC-1D2D-4E13-890C-9101BB5BB0A3}.Release|Any CPU.Build.0 = Release|Any CPU
		{254B36EC-1D2D-4E13-890C-9101BB5BB0A3}.Release|x64.ActiveCfg = Release|Any CPU
		{254B36EC-1D2D-4E13-890C-9101BB5BB0A3}.Release|x64.Build.0 = Release|Any CPU
		{254B36EC-1D2D-4E13-890C-9101BB5BB0A3}.Release|x86.ActiveCfg = Release|Any CPU
		{254B36EC-1D2D-4E13-890C-9101BB5BB0A3}.Release|x86.Build.0 = Release|Any CPU
		{185F9F14-0D60-472E-94E8-13F9F3F80A84}.Debug|Any CPU.ActiveCfg = Debug|Any CPU
		{185F9F14-0D60-472E-94E8-13F9F3F80A84}.Debug|Any CPU.Build.0 = Debug|Any CPU
		{185F9F14-0D60-472E-94E8-13F9F3F80A84}.Debug|x64.ActiveCfg = Debug|Any CPU
		{185F9F14-0D60-472E-94E8-13F9F3F80A84}.Debug|x64.Build.0 = Debug|Any CPU
		{185F9F14-0D60-472E-94E8-13F9F3F80A84}.Debug|x86.ActiveCfg = Debug|Any CPU
		{185F9F14-0D60-472E-94E8-13F9F3F80A84}.Debug|x86.Build.0 = Debug|Any CPU
		{185F9F14-0D60-472E-94E8-13F9F3F80A84}.Release|Any CPU.ActiveCfg = Release|Any CPU
		{185F9F14-0D60-472E-94E8-13F9F3F80A84}.Release|Any CPU.Build.0 = Release|Any CPU
		{185F9F14-0D60-472E-94E8-13F9F3F80A84}.Release|x64.ActiveCfg = Release|Any CPU
		{185F9F14-0D60-472E-94E8-13F9F3F80A84}.Release|x64.Build.0 = Release|Any CPU
		{185F9F14-0D60-472E-94E8-13F9F3F80A84}.Release|x86.ActiveCfg = Release|Any CPU
		{185F9F14-0D60-472E-94E8-13F9F3F80A84}.Release|x86.Build.0 = Release|Any CPU
	EndGlobalSection
	GlobalSection(SolutionProperties) = preSolution
		HideSolutionNode = FALSE
	EndGlobalSection
	GlobalSection(NestedProjects) = preSolution
		{B5B2BDE9-FBEC-4B09-A14B-D691C85E81C2} = {827E0CD3-B72D-47B6-A68D-7590B98EB39B}
		{5A4BE48C-78ED-457C-AACD-9852C75C6709} = {827E0CD3-B72D-47B6-A68D-7590B98EB39B}
		{0F373B7B-385C-4C09-9C73-C8499B529FC7} = {827E0CD3-B72D-47B6-A68D-7590B98EB39B}
		{DAA996A7-8213-4D27-85EC-6E1FAD9E387C} = {827E0CD3-B72D-47B6-A68D-7590B98EB39B}
		{6750F9A4-DBB3-44C2-9679-8B81F9D0772C} = {827E0CD3-B72D-47B6-A68D-7590B98EB39B}
		{603A6C7E-E2C5-4022-B31D-C5DF8767ACC2} = {827E0CD3-B72D-47B6-A68D-7590B98EB39B}
		{3BADA4E0-76F5-4D6C-BBC8-7E4DBD6695CD} = {0AB3BF05-4346-4AA6-1389-037BE0695223}
		{254B36EC-1D2D-4E13-890C-9101BB5BB0A3} = {0AB3BF05-4346-4AA6-1389-037BE0695223}
		{185F9F14-0D60-472E-94E8-13F9F3F80A84} = {0AB3BF05-4346-4AA6-1389-037BE0695223}
	EndGlobalSection
EndGlobal
